
Microsoft Visual Studio Solution File, Format Version 12.00
# Visual Studio Version 16
VisualStudioVersion = 16.0.31624.102
MinimumVisualStudioVersion = 10.0.40219.1
Project("{888888A0-9F3D-457C-B088-3A5042F75D52}") = "Manyi", "Manyi\Manyi.pyproj", "{0E6F93F3-14F6-4428-B408-935704790575}"
EndProject
Global
	GlobalSection(SolutionConfigurationPlatforms) = preSolution
		Debug|Any CPU = Debug|Any CPU
		Release|Any CPU = Release|Any CPU
	EndGlobalSection
	GlobalSection(ProjectConfigurationPlatforms) = postSolution
		{0E6F93F3-14F6-4428-B408-935704790575}.Debug|Any CPU.ActiveCfg = Debug|Any CPU
		{0E6F93F3-14F6-4428-B408-935704790575}.Release|Any CPU.ActiveCfg = Release|Any CPU
	EndGlobalSection
	GlobalSection(SolutionProperties) = preSolution
		HideSolutionNode = FALSE
	EndGlobalSection
	GlobalSection(ExtensibilityGlobals) = postSolution
		SolutionGuid = {713127FD-4B50-42BD-A936-7819A837C41E}
	EndGlobalSection
EndGlobal
